// !$*UTF8*$!
{
	archiveVersion = 1;
	classes = {
	};
	objectVersion = 60;
	objects = {

/* Begin PBXBuildFile section */
		09A5D0402C1C5AD30076A9EB /* SwiftUIContainerApp.swift in Sources */ = {isa = PBXBuildFile; fileRef = 09A5D03F2C1C5AD30076A9EB /* SwiftUIContainerApp.swift */; };
		09A5D0422C1C5AD30076A9EB /* ContentView.swift in Sources */ = {isa = PBXBuildFile; fileRef = 09A5D0412C1C5AD30076A9EB /* ContentView.swift */; };
		09A5D0442C1C5AD40076A9EB /* Assets.xcassets in Resources */ = {isa = PBXBuildFile; fileRef = 09A5D0432C1C5AD40076A9EB /* Assets.xcassets */; };
		09A5D0472C1C5AD40076A9EB /* Preview Assets.xcassets in Resources */ = {isa = PBXBuildFile; fileRef = 09A5D0462C1C5AD40076A9EB /* Preview Assets.xcassets */; };
		09A5D0512C1C5AD40076A9EB /* SwiftUIContainerTests.swift in Sources */ = {isa = PBXBuildFile; fileRef = 09A5D0502C1C5AD40076A9EB /* SwiftUIContainerTests.swift */; };
		09A5D05B2C1C5AD40076A9EB /* SwiftUIContainerUITests.swift in Sources */ = {isa = PBXBuildFile; fileRef = 09A5D05A2C1C5AD40076A9EB /* SwiftUIContainerUITests.swift */; };
		09A5D05D2C1C5AD40076A9EB /* SwiftUIContainerUITestsLaunchTests.swift in Sources */ = {isa = PBXBuildFile; fileRef = 09A5D05C2C1C5AD40076A9EB /* SwiftUIContainerUITestsLaunchTests.swift */; };
/* End PBXBuildFile section */

/* Begin PBXContainerItemProxy section */
		09A5D04D2C1C5AD40076A9EB /* PBXContainerItemProxy */ = {
			isa = PBXContainerItemProxy;
			containerPortal = 09A5D0342C1C5AD30076A9EB /* Project object */;
			proxyType = 1;
			remoteGlobalIDString = 09A5D03B2C1C5AD30076A9EB;
			remoteInfo = SwiftUIContainer;
		};
		09A5D0572C1C5AD40076A9EB /* PBXContainerItemProxy */ = {
			isa = PBXContainerItemProxy;
			containerPortal = 09A5D0342C1C5AD30076A9EB /* Project object */;
			proxyType = 1;
			remoteGlobalIDString = 09A5D03B2C1C5AD30076A9EB;
			remoteInfo = SwiftUIContainer;
		};
/* End PBXContainerItemProxy section */

/* Begin PBXFileReference section */
		09A5D03C2C1C5AD30076A9EB /* SwiftUIContainer.app */ = {isa = PBXFileReference; explicitFileType = wrapper.application; includeInIndex = 0; path = SwiftUIContainer.app; sourceTree = BUILT_PRODUCTS_DIR; };
		09A5D03F2C1C5AD30076A9EB /* SwiftUIContainerApp.swift */ = {isa = PBXFileReference; lastKnownFileType = sourcecode.swift; path = SwiftUIContainerApp.swift; sourceTree = "<group>"; };
		09A5D0412C1C5AD30076A9EB /* ContentView.swift */ = {isa = PBXFileReference; lastKnownFileType = sourcecode.swift; path = ContentView.swift; sourceTree = "<group>"; };
		09A5D0432C1C5AD40076A9EB /* Assets.xcassets */ = {isa = PBXFileReference; lastKnownFileType = folder.assetcatalog; path = Assets.xcassets; sourceTree = "<group>"; };
		09A5D0462C1C5AD40076A9EB /* Preview Assets.xcassets */ = {isa = PBXFileReference; lastKnownFileType = folder.assetcatalog; path = "Preview Assets.xcassets"; sourceTree = "<group>"; };
		09A5D04C2C1C5AD40076A9EB /* SwiftUIContainerTests.xctest */ = {isa = PBXFileReference; explicitFileType = wrapper.cfbundle; includeInIndex = 0; path = SwiftUIContainerTests.xctest; sourceTree = BUILT_PRODUCTS_DIR; };
		09A5D0502C1C5AD40076A9EB /* SwiftUIContainerTests.swift */ = {isa = PBXFileReference; lastKnownFileType = sourcecode.swift; path = SwiftUIContainerTests.swift; sourceTree = "<group>"; };
		09A5D0562C1C5AD40076A9EB /* SwiftUIContainerUITests.xctest */ = {isa = PBXFileReference; explicitFileType = wrapper.cfbundle; includeInIndex = 0; path = SwiftUIContainerUITests.xctest; sourceTree = BUILT_PRODUCTS_DIR; };
		09A5D05A2C1C5AD40076A9EB /* SwiftUIContainerUITests.swift */ = {isa = PBXFileReference; lastKnownFileType = sourcecode.swift; path = SwiftUIContainerUITests.swift; sourceTree = "<group>"; };
		09A5D05C2C1C5AD40076A9EB /* SwiftUIContainerUITestsLaunchTests.swift */ = {isa = PBXFileReference; lastKnownFileType = sourcecode.swift; path = SwiftUIContainerUITestsLaunchTests.swift; sourceTree = "<group>"; };
/* End PBXFileReference section */

/* Begin PBXFrameworksBuildPhase section */
		09A5D0392C1C5AD30076A9EB /* Frameworks */ = {
			isa = PBXFrameworksBuildPhase;
			buildActionMask = 2147483647;
			files = (
			);
			runOnlyForDeploymentPostprocessing = 0;
		};
		09A5D0492C1C5AD40076A9EB /* Frameworks */ = {
			isa = PBXFrameworksBuildPhase;
			buildActionMask = 2147483647;
			files = (
			);
			runOnlyForDeploymentPostprocessing = 0;
		};
		09A5D0532C1C5AD40076A9EB /* Frameworks */ = {
			isa = PBXFrameworksBuildPhase;
			buildActionMask = 2147483647;
			files = (
			);
			runOnlyForDeploymentPostprocessing = 0;
		};
/* End PBXFrameworksBuildPhase section */

/* Begin PBXGroup section */
		09A5D0332C1C5AD30076A9EB = {
			isa = PBXGroup;
			children = (
				09A5D03E2C1C5AD30076A9EB /* SwiftUIContainer */,
				09A5D04F2C1C5AD40076A9EB /* SwiftUIContainerTests */,
				09A5D0592C1C5AD40076A9EB /* SwiftUIContainerUITests */,
				09A5D03D2C1C5AD30076A9EB /* Products */,
			);
			sourceTree = "<group>";
		};
		09A5D03D2C1C5AD30076A9EB /* Products */ = {
			isa = PBXGroup;
			children = (
				09A5D03C2C1C5AD30076A9EB /* SwiftUIContainer.app */,
				09A5D04C2C1C5AD40076A9EB /* SwiftUIContainerTests.xctest */,
				09A5D0562C1C5AD40076A9EB /* SwiftUIContainerUITests.xctest */,
			);
			name = Products;
			sourceTree = "<group>";
		};
		09A5D03E2C1C5AD30076A9EB /* SwiftUIContainer */ = {
			isa = PBXGroup;
			children = (
				09A5D03F2C1C5AD30076A9EB /* SwiftUIContainerApp.swift */,
				09A5D0412C1C5AD30076A9EB /* ContentView.swift */,
				09A5D0432C1C5AD40076A9EB /* Assets.xcassets */,
				09A5D0452C1C5AD40076A9EB /* Preview Content */,
			);
			path = SwiftUIContainer;
			sourceTree = "<group>";
		};
		09A5D0452C1C5AD40076A9EB /* Preview Content */ = {
			isa = PBXGroup;
			children = (
				09A5D0462C1C5AD40076A9EB /* Preview Assets.xcassets */,
			);
			path = "Preview Content";
			sourceTree = "<group>";
		};
		09A5D04F2C1C5AD40076A9EB /* SwiftUIContainerTests */ = {
			isa = PBXGroup;
			children = (
				09A5D0502C1C5AD40076A9EB /* SwiftUIContainerTests.swift */,
			);
			path = SwiftUIContainerTests;
			sourceTree = "<group>";
		};
		09A5D0592C1C5AD40076A9EB /* SwiftUIContainerUITests */ = {
			isa = PBXGroup;
			children = (
				09A5D05A2C1C5AD40076A9EB /* SwiftUIContainerUITests.swift */,
				09A5D05C2C1C5AD40076A9EB /* SwiftUIContainerUITestsLaunchTests.swift */,
			);
			path = SwiftUIContainerUITests;
			sourceTree = "<group>";
		};
/* End PBXGroup section */

/* Begin PBXNativeTarget section */
		09A5D03B2C1C5AD30076A9EB /* SwiftUIContainer */ = {
			isa = PBXNativeTarget;
			buildConfigurationList = 09A5D0602C1C5AD40076A9EB /* Build configuration list for PBXNativeTarget "SwiftUIContainer" */;
			buildPhases = (
				09A5D0382C1C5AD30076A9EB /* Sources */,
				09A5D0392C1C5AD30076A9EB /* Frameworks */,
				09A5D03A2C1C5AD30076A9EB /* Resources */,
			);
			buildRules = (
			);
			dependencies = (
			);
			name = SwiftUIContainer;
			productName = SwiftUIContainer;
			productReference = 09A5D03C2C1C5AD30076A9EB /* SwiftUIContainer.app */;
			productType = "com.apple.product-type.application";
		};
		09A5D04B2C1C5AD40076A9EB /* SwiftUIContainerTests */ = {
			isa = PBXNativeTarget;
			buildConfigurationList = 09A5D0632C1C5AD40076A9EB /* Build configuration list for PBXNativeTarget "SwiftUIContainerTests" */;
			buildPhases = (
				09A5D0482C1C5AD40076A9EB /* Sources */,
				09A5D0492C1C5AD40076A9EB /* Frameworks */,
				09A5D04A2C1C5AD40076A9EB /* Resources */,
			);
			buildRules = (
			);
			dependencies = (
				09A5D04E2C1C5AD40076A9EB /* PBXTargetDependency */,
			);
			name = SwiftUIContainerTests;
			productName = SwiftUIContainerTests;
			productReference = 09A5D04C2C1C5AD40076A9EB /* SwiftUIContainerTests.xctest */;
			productType = "com.apple.product-type.bundle.unit-test";
		};
		09A5D0552C1C5AD40076A9EB /* SwiftUIContainerUITests */ = {
			isa = PBXNativeTarget;
			buildConfigurationList = 09A5D0662C1C5AD40076A9EB /* Build configuration list for PBXNativeTarget "SwiftUIContainerUITests" */;
			buildPhases = (
				09A5D0522C1C5AD40076A9EB /* Sources */,
				09A5D0532C1C5AD40076A9EB /* Frameworks */,
				09A5D0542C1C5AD40076A9EB /* Resources */,
			);
			buildRules = (
			);
			dependencies = (
				09A5D0582C1C5AD40076A9EB /* PBXTargetDependency */,
			);
			name = SwiftUIContainerUITests;
			productName = SwiftUIContainerUITests;
			productReference = 09A5D0562C1C5AD40076A9EB /* SwiftUIContainerUITests.xctest */;
			productType = "com.apple.product-type.bundle.ui-testing";
		};
/* End PBXNativeTarget section */

/* Begin PBXProject section */
		09A5D0342C1C5AD30076A9EB /* Project object */ = {
			isa = PBXProject;
			attributes = {
				BuildIndependentTargetsInParallel = 1;
				LastSwiftUpdateCheck = 1600;
				LastUpgradeCheck = 1600;
				TargetAttributes = {
					09A5D03B2C1C5AD30076A9EB = {
						CreatedOnToolsVersion = 16.0;
					};
					09A5D04B2C1C5AD40076A9EB = {
						CreatedOnToolsVersion = 16.0;
						TestTargetID = 09A5D03B2C1C5AD30076A9EB;
					};
					09A5D0552C1C5AD40076A9EB = {
						CreatedOnToolsVersion = 16.0;
						TestTargetID = 09A5D03B2C1C5AD30076A9EB;
					};
				};
			};
			buildConfigurationList = 09A5D0372C1C5AD30076A9EB /* Build configuration list for PBXProject "SwiftUIContainer" */;
			compatibilityVersion = "Xcode 15.0";
			developmentRegion = en;
			hasScannedForEncodings = 0;
			knownRegions = (
				en,
				Base,
			);
			mainGroup = 09A5D0332C1C5AD30076A9EB;
			productRefGroup = 09A5D03D2C1C5AD30076A9EB /* Products */;
			projectDirPath = "";
			projectRoot = "";
			targets = (
				09A5D03B2C1C5AD30076A9EB /* SwiftUIContainer */,
				09A5D04B2C1C5AD40076A9EB /* SwiftUIContainerTests */,
				09A5D0552C1C5AD40076A9EB /* SwiftUIContainerUITests */,
			);
		};
/* End PBXProject section */

/* Begin PBXResourcesBuildPhase section */
		09A5D03A2C1C5AD30076A9EB /* Resources */ = {
			isa = PBXResourcesBuildPhase;
			buildActionMask = 2147483647;
			files = (
				09A5D0472C1C5AD40076A9EB /* Preview Assets.xcassets in Resources */,
				09A5D0442C1C5AD40076A9EB /* Assets.xcassets in Resources */,
			);
			runOnlyForDeploymentPostprocessing = 0;
		};
		09A5D04A2C1C5AD40076A9EB /* Resources */ = {
			isa = PBXResourcesBuildPhase;
			buildActionMask = 2147483647;
			files = (
			);
			runOnlyForDeploymentPostprocessing = 0;
		};
		09A5D0542C1C5AD40076A9EB /* Resources */ = {
			isa = PBXResourcesBuildPhase;
			buildActionMask = 2147483647;
			files = (
			);
			runOnlyForDeploymentPostprocessing = 0;
		};
/* End PBXResourcesBuildPhase section */

/* Begin PBXSourcesBuildPhase section */
		09A5D0382C1C5AD30076A9EB /* Sources */ = {
			isa = PBXSourcesBuildPhase;
			buildActionMask = 2147483647;
			files = (
				09A5D0422C1C5AD30076A9EB /* ContentView.swift in Sources */,
				09A5D0402C1C5AD30076A9EB /* SwiftUIContainerApp.swift in Sources */,
			);
			runOnlyForDeploymentPostprocessing = 0;
		};
		09A5D0482C1C5AD40076A9EB /* Sources */ = {
			isa = PBXSourcesBuildPhase;
			buildActionMask = 2147483647;
			files = (
				09A5D0512C1C5AD40076A9EB /* SwiftUIContainerTests.swift in Sources */,
			);
			runOnlyForDeploymentPostprocessing = 0;
		};
		09A5D0522C1C5AD40076A9EB /* Sources */ = {
			isa = PBXSourcesBuildPhase;
			buildActionMask = 2147483647;
			files = (
				09A5D05D2C1C5AD40076A9EB /* SwiftUIContainerUITestsLaunchTests.swift in Sources */,
				09A5D05B2C1C5AD40076A9EB /* SwiftUIContainerUITests.swift in Sources */,
			);
			runOnlyForDeploymentPostprocessing = 0;
		};
/* End PBXSourcesBuildPhase section */

/* Begin PBXTargetDependency section */
		09A5D04E2C1C5AD40076A9EB /* PBXTargetDependency */ = {
			isa = PBXTargetDependency;
			target = 09A5D03B2C1C5AD30076A9EB /* SwiftUIContainer */;
			targetProxy = 09A5D04D2C1C5AD40076A9EB /* PBXContainerItemProxy */;
		};
		09A5D0582C1C5AD40076A9EB /* PBXTargetDependency */ = {
			isa = PBXTargetDependency;
			target = 09A5D03B2C1C5AD30076A9EB /* SwiftUIContainer */;
			targetProxy = 09A5D0572C1C5AD40076A9EB /* PBXContainerItemProxy */;
		};
/* End PBXTargetDependency section */

/* Begin XCBuildConfiguration section */
		09A5D05E2C1C5AD40076A9EB /* Debug */ = {
			isa = XCBuildConfiguration;
			buildSettings = {
				ALWAYS_SEARCH_USER_PATHS = NO;
				ASSETCATALOG_COMPILER_GENERATE_SWIFT_ASSET_SYMBOL_EXTENSIONS = YES;
				CLANG_ANALYZER_NONNULL = YES;
				CLANG_ANALYZER_NUMBER_OBJECT_CONVERSION = YES_AGGRESSIVE;
				CLANG_CXX_LANGUAGE_STANDARD = "gnu++20";
				CLANG_ENABLE_MODULES = YES;
				CLANG_ENABLE_OBJC_ARC = YES;
				CLANG_ENABLE_OBJC_WEAK = YES;
				CLANG_WARN_BLOCK_CAPTURE_AUTORELEASING = YES;
				CLANG_WARN_BOOL_CONVERSION = YES;
				CLANG_WARN_COMMA = YES;
				CLANG_WARN_CONSTANT_CONVERSION = YES;
				CLANG_WARN_DEPRECATED_OBJC_IMPLEMENTATIONS = YES;
				CLANG_WARN_DIRECT_OBJC_ISA_USAGE = YES_ERROR;
				CLANG_WARN_DOCUMENTATION_COMMENTS = YES;
				CLANG_WARN_EMPTY_BODY = YES;
				CLANG_WARN_ENUM_CONVERSION = YES;
				CLANG_WARN_INFINITE_RECURSION = YES;
				CLANG_WARN_INT_CONVERSION = YES;
				CLANG_WARN_NON_LITERAL_NULL_CONVERSION = YES;
				CLANG_WARN_OBJC_IMPLICIT_RETAIN_SELF = YES;
				CLANG_WARN_OBJC_LITERAL_CONVERSION = YES;
				CLANG_WARN_OBJC_ROOT_CLASS = YES_ERROR;
				CLANG_WARN_QUOTED_INCLUDE_IN_FRAMEWORK_HEADER = YES;
				CLANG_WARN_RANGE_LOOP_ANALYSIS = YES;
				CLANG_WARN_STRICT_PROTOTYPES = YES;
				CLANG_WARN_SUSPICIOUS_MOVE = YES;
				CLANG_WARN_UNGUARDED_AVAILABILITY = YES_AGGRESSIVE;
				CLANG_WARN_UNREACHABLE_CODE = YES;
				CLANG_WARN__DUPLICATE_METHOD_MATCH = YES;
				COPY_PHASE_STRIP = NO;
				DEBUG_INFORMATION_FORMAT = dwarf;
				ENABLE_STRICT_OBJC_MSGSEND = YES;
				ENABLE_TESTABILITY = YES;
				ENABLE_USER_SCRIPT_SANDBOXING = YES;
				GCC_C_LANGUAGE_STANDARD = gnu17;
				GCC_DYNAMIC_NO_PIC = NO;
				GCC_NO_COMMON_BLOCKS = YES;
				GCC_OPTIMIZATION_LEVEL = 0;
				GCC_PREPROCESSOR_DEFINITIONS = (
					"DEBUG=1",
					"$(inherited)",
				);
				GCC_WARN_64_TO_32_BIT_CONVERSION = YES;
				GCC_WARN_ABOUT_RETURN_TYPE = YES_ERROR;
				GCC_WARN_UNDECLARED_SELECTOR = YES;
				GCC_WARN_UNINITIALIZED_AUTOS = YES_AGGRESSIVE;
				GCC_WARN_UNUSED_FUNCTION = YES;
				GCC_WARN_UNUSED_VARIABLE = YES;
				IPHONEOS_DEPLOYMENT_TARGET = 18.0;
				LOCALIZATION_PREFERS_STRING_CATALOGS = YES;
				MTL_ENABLE_DEBUG_INFO = INCLUDE_SOURCE;
				MTL_FAST_MATH = YES;
				ONLY_ACTIVE_ARCH = YES;
				SDKROOT = iphoneos;
				SWIFT_ACTIVE_COMPILATION_CONDITIONS = "DEBUG $(inherited)";
				SWIFT_OPTIMIZATION_LEVEL = "-Onone";
			};
			name = Debug;
		};
		09A5D05F2C1C5AD40076A9EB /* Release */ = {
			isa = XCBuildConfiguration;
			buildSettings = {
				ALWAYS_SEARCH_USER_PATHS = NO;
				ASSETCATALOG_COMPILER_GENERATE_SWIFT_ASSET_SYMBOL_EXTENSIONS = YES;
				CLANG_ANALYZER_NONNULL = YES;
				CLANG_ANALYZER_NUMBER_OBJECT_CONVERSION = YES_AGGRESSIVE;
				CLANG_CXX_LANGUAGE_STANDARD = "gnu++20";
				CLANG_ENABLE_MODULES = YES;
				CLANG_ENABLE_OBJC_ARC = YES;
				CLANG_ENABLE_OBJC_WEAK = YES;
				CLANG_WARN_BLOCK_CAPTURE_AUTORELEASING = YES;
				CLANG_WARN_BOOL_CONVERSION = YES;
				CLANG_WARN_COMMA = YES;
				CLANG_WARN_CONSTANT_CONVERSION = YES;
				CLANG_WARN_DEPRECATED_OBJC_IMPLEMENTATIONS = YES;
				CLANG_WARN_DIRECT_OBJC_ISA_USAGE = YES_ERROR;
				CLANG_WARN_DOCUMENTATION_COMMENTS = YES;
				CLANG_WARN_EMPTY_BODY = YES;
				CLANG_WARN_ENUM_CONVERSION = YES;
				CLANG_WARN_INFINITE_RECURSION = YES;
				CLANG_WARN_INT_CONVERSION = YES;
				CLANG_WARN_NON_LITERAL_NULL_CONVERSION = YES;
				CLANG_WARN_OBJC_IMPLICIT_RETAIN_SELF = YES;
				CLANG_WARN_OBJC_LITERAL_CONVERSION = YES;
				CLANG_WARN_OBJC_ROOT_CLASS = YES_ERROR;
				CLANG_WARN_QUOTED_INCLUDE_IN_FRAMEWORK_HEADER = YES;
				CLANG_WARN_RANGE_LOOP_ANALYSIS = YES;
				CLANG_WARN_STRICT_PROTOTYPES = YES;
				CLANG_WARN_SUSPICIOUS_MOVE = YES;
				CLANG_WARN_UNGUARDED_AVAILABILITY = YES_AGGRESSIVE;
				CLANG_WARN_UNREACHABLE_CODE = YES;
				CLANG_WARN__DUPLICATE_METHOD_MATCH = YES;
				COPY_PHASE_STRIP = NO;
				DEBUG_INFORMATION_FORMAT = "dwarf-with-dsym";
				ENABLE_NS_ASSERTIONS = NO;
				ENABLE_STRICT_OBJC_MSGSEND = YES;
				ENABLE_USER_SCRIPT_SANDBOXING = YES;
				GCC_C_LANGUAGE_STANDARD = gnu17;
				GCC_NO_COMMON_BLOCKS = YES;
				GCC_WARN_64_TO_32_BIT_CONVERSION = YES;
				GCC_WARN_ABOUT_RETURN_TYPE = YES_ERROR;
				GCC_WARN_UNDECLARED_SELECTOR = YES;
				GCC_WARN_UNINITIALIZED_AUTOS = YES_AGGRESSIVE;
				GCC_WARN_UNUSED_FUNCTION = YES;
				GCC_WARN_UNUSED_VARIABLE = YES;
				IPHONEOS_DEPLOYMENT_TARGET = 18.0;
				LOCALIZATION_PREFERS_STRING_CATALOGS = YES;
				MTL_ENABLE_DEBUG_INFO = NO;
				MTL_FAST_MATH = YES;
				SDKROOT = iphoneos;
				SWIFT_COMPILATION_MODE = wholemodule;
				VALIDATE_PRODUCT = YES;
			};
			name = Release;
		};
		09A5D0612C1C5AD40076A9EB /* Debug */ = {
			isa = XCBuildConfiguration;
			buildSettings = {
				ASSETCATALOG_COMPILER_APPICON_NAME = AppIcon;
				ASSETCATALOG_COMPILER_GLOBAL_ACCENT_COLOR_NAME = AccentColor;
				CODE_SIGN_STYLE = Automatic;
				CURRENT_PROJECT_VERSION = 1;
				DEVELOPMENT_ASSET_PATHS = "\"SwiftUIContainer/Preview Content\"";
				DEVELOPMENT_TEAM = CDL4Q49RXS;
				ENABLE_PREVIEWS = YES;
				GENERATE_INFOPLIST_FILE = YES;
				INFOPLIST_KEY_UIApplicationSceneManifest_Generation = YES;
				INFOPLIST_KEY_UIApplicationSupportsIndirectInputEvents = YES;
				INFOPLIST_KEY_UILaunchScreen_Generation = YES;
				INFOPLIST_KEY_UISupportedInterfaceOrientations_iPad = "UIInterfaceOrientationPortrait UIInterfaceOrientationPortraitUpsideDown UIInterfaceOrientationLandscapeLeft UIInterfaceOrientationLandscapeRight";
				INFOPLIST_KEY_UISupportedInterfaceOrientations_iPhone = "UIInterfaceOrientationPortrait UIInterfaceOrientationLandscapeLeft UIInterfaceOrientationLandscapeRight";
				LD_RUNPATH_SEARCH_PATHS = (
					"$(inherited)",
					"@executable_path/Frameworks",
				);
				MARKETING_VERSION = 1.0;
				PRODUCT_BUNDLE_IDENTIFIER = com.marcuswu.SwiftUIContainer;
				PRODUCT_NAME = "$(TARGET_NAME)";
				SWIFT_EMIT_LOC_STRINGS = YES;
				SWIFT_VERSION = 5.0;
				TARGETED_DEVICE_FAMILY = "1,2";
			};
			name = Debug;
		};
		09A5D0622C1C5AD40076A9EB /* Release */ = {
			isa = XCBuildConfiguration;
			buildSettings = {
				ASSETCATALOG_COMPILER_APPICON_NAME = AppIcon;
				ASSETCATALOG_COMPILER_GLOBAL_ACCENT_COLOR_NAME = AccentColor;
				CODE_SIGN_STYLE = Automatic;
				CURRENT_PROJECT_VERSION = 1;
				DEVELOPMENT_ASSET_PATHS = "\"SwiftUIContainer/Preview Content\"";
				DEVELOPMENT_TEAM = CDL4Q49RXS;
				ENABLE_PREVIEWS = YES;
				GENERATE_INFOPLIST_FILE = YES;
				INFOPLIST_KEY_UIApplicationSceneManifest_Generation = YES;
				INFOPLIST_KEY_UIApplicationSupportsIndirectInputEvents = YES;
				INFOPLIST_KEY_UILaunchScreen_Generation = YES;
				INFOPLIST_KEY_UISupportedInterfaceOrientations_iPad = "UIInterfaceOrientationPortrait UIInterfaceOrientationPortraitUpsideDown UIInterfaceOrientationLandscapeLeft UIInterfaceOrientationLandscapeRight";
				INFOPLIST_KEY_UISupportedInterfaceOrientations_iPhone = "UIInterfaceOrientationPortrait UIInterfaceOrientationLandscapeLeft UIInterfaceOrientationLandscapeRight";
				LD_RUNPATH_SEARCH_PATHS = (
					"$(inherited)",
					"@executable_path/Frameworks",
				);
				MARKETING_VERSION = 1.0;
				PRODUCT_BUNDLE_IDENTIFIER = com.marcuswu.SwiftUIContainer;
				PRODUCT_NAME = "$(TARGET_NAME)";
				SWIFT_EMIT_LOC_STRINGS = YES;
				SWIFT_VERSION = 5.0;
				TARGETED_DEVICE_FAMILY = "1,2";
			};
			name = Release;
		};
		09A5D0642C1C5AD40076A9EB /* Debug */ = {
			isa = XCBuildConfiguration;
			buildSettings = {
				BUNDLE_LOADER = "$(TEST_HOST)";
				CODE_SIGN_STYLE = Automatic;
				CURRENT_PROJECT_VERSION = 1;
				DEVELOPMENT_TEAM = CDL4Q49RXS;
				GENERATE_INFOPLIST_FILE = YES;
				IPHONEOS_DEPLOYMENT_TARGET = 18.0;
				MARKETING_VERSION = 1.0;
				PRODUCT_BUNDLE_IDENTIFIER = com.marcuswu.SwiftUIContainerTests;
				PRODUCT_NAME = "$(TARGET_NAME)";
				SWIFT_EMIT_LOC_STRINGS = NO;
				SWIFT_VERSION = 5.0;
				TARGETED_DEVICE_FAMILY = "1,2";
				TEST_HOST = "$(BUILT_PRODUCTS_DIR)/SwiftUIContainer.app/$(BUNDLE_EXECUTABLE_FOLDER_PATH)/SwiftUIContainer";
			};
			name = Debug;
		};
		09A5D0652C1C5AD40076A9EB /* Release */ = {
			isa = XCBuildConfiguration;
			buildSettings = {
				BUNDLE_LOADER = "$(TEST_HOST)";
				CODE_SIGN_STYLE = Automatic;
				CURRENT_PROJECT_VERSION = 1;
				DEVELOPMENT_TEAM = CDL4Q49RXS;
				GENERATE_INFOPLIST_FILE = YES;
				IPHONEOS_DEPLOYMENT_TARGET = 18.0;
				MARKETING_VERSION = 1.0;
				PRODUCT_BUNDLE_IDENTIFIER = com.marcuswu.SwiftUIContainerTests;
				PRODUCT_NAME = "$(TARGET_NAME)";
				SWIFT_EMIT_LOC_STRINGS = NO;
				SWIFT_VERSION = 5.0;
				TARGETED_DEVICE_FAMILY = "1,2";
				TEST_HOST = "$(BUILT_PRODUCTS_DIR)/SwiftUIContainer.app/$(BUNDLE_EXECUTABLE_FOLDER_PATH)/SwiftUIContainer";
			};
			name = Release;
		};
		09A5D0672C1C5AD40076A9EB /* Debug */ = {
			isa = XCBuildConfiguration;
			buildSettings = {
				CODE_SIGN_STYLE = Automatic;
				CURRENT_PROJECT_VERSION = 1;
				DEVELOPMENT_TEAM = CDL4Q49RXS;
				GENERATE_INFOPLIST_FILE = YES;
				MARKETING_VERSION = 1.0;
				PRODUCT_BUNDLE_IDENTIFIER = com.marcuswu.SwiftUIContainerUITests;
				PRODUCT_NAME = "$(TARGET_NAME)";
				SWIFT_EMIT_LOC_STRINGS = NO;
				SWIFT_VERSION = 5.0;
				TARGETED_DEVICE_FAMILY = "1,2";
				TEST_TARGET_NAME = SwiftUIContainer;
			};
			name = Debug;
		};
		09A5D0682C1C5AD40076A9EB /* Release */ = {
			isa = XCBuildConfiguration;
			buildSettings = {
				CODE_SIGN_STYLE = Automatic;
				CURRENT_PROJECT_VERSION = 1;
				DEVELOPMENT_TEAM = CDL4Q49RXS;
				GENERATE_INFOPLIST_FILE = YES;
				MARKETING_VERSION = 1.0;
				PRODUCT_BUNDLE_IDENTIFIER = com.marcuswu.SwiftUIContainerUITests;
				PRODUCT_NAME = "$(TARGET_NAME)";
				SWIFT_EMIT_LOC_STRINGS = NO;
				SWIFT_VERSION = 5.0;
				TARGETED_DEVICE_FAMILY = "1,2";
				TEST_TARGET_NAME = SwiftUIContainer;
			};
			name = Release;
		};
/* End XCBuildConfiguration section */

/* Begin XCConfigurationList section */
		09A5D0372C1C5AD30076A9EB /* Build configuration list for PBXProject "SwiftUIContainer" */ = {
			isa = XCConfigurationList;
			buildConfigurations = (
				09A5D05E2C1C5AD40076A9EB /* Debug */,
				09A5D05F2C1C5AD40076A9EB /* Release */,
			);
			defaultConfigurationIsVisible = 0;
			defaultConfigurationName = Release;
		};
		09A5D0602C1C5AD40076A9EB /* Build configuration list for PBXNativeTarget "SwiftUIContainer" */ = {
			isa = XCConfigurationList;
			buildConfigurations = (
				09A5D0612C1C5AD40076A9EB /* Debug */,
				09A5D0622C1C5AD40076A9EB /* Release */,
			);
			defaultConfigurationIsVisible = 0;
			defaultConfigurationName = Release;
		};
		09A5D0632C1C5AD40076A9EB /* Build configuration list for PBXNativeTarget "SwiftUIContainerTests" */ = {
			isa = XCConfigurationList;
			buildConfigurations = (
				09A5D0642C1C5AD40076A9EB /* Debug */,
				09A5D0652C1C5AD40076A9EB /* Release */,
			);
			defaultConfigurationIsVisible = 0;
			defaultConfigurationName = Release;
		};
		09A5D0662C1C5AD40076A9EB /* Build configuration list for PBXNativeTarget "SwiftUIContainerUITests" */ = {
			isa = XCConfigurationList;
			buildConfigurations = (
				09A5D0672C1C5AD40076A9EB /* Debug */,
				09A5D0682C1C5AD40076A9EB /* Release */,
			);
			defaultConfigurationIsVisible = 0;
			defaultConfigurationName = Release;
		};
/* End XCConfigurationList section */
	};
	rootObject = 09A5D0342C1C5AD30076A9EB /* Project object */;
}
